// !$*UTF8*$!
{
	archiveVersion = 1;
	classes = {
	};
	objectVersion = 50;
	objects = {

/* Begin PBXBuildFile section */
		3DA64123221A36DB00BC5406 /* UIColor+theme.swift in Sources */ = {isa = PBXBuildFile; fileRef = 3DA64122221A36DB00BC5406 /* UIColor+theme.swift */; };
		3DA64125221A584400BC5406 /* Company.swift in Sources */ = {isa = PBXBuildFile; fileRef = 3DA64124221A584400BC5406 /* Company.swift */; };
		3DA64127221A5DCB00BC5406 /* CreateCompanyController.swift in Sources */ = {isa = PBXBuildFile; fileRef = 3DA64126221A5DCB00BC5406 /* CreateCompanyController.swift */; };
		3DCCE25D2219EB86003892BE /* AppDelegate.swift in Sources */ = {isa = PBXBuildFile; fileRef = 3DCCE25C2219EB86003892BE /* AppDelegate.swift */; };
		3DCCE25F2219EB86003892BE /* CompaniesController.swift in Sources */ = {isa = PBXBuildFile; fileRef = 3DCCE25E2219EB86003892BE /* CompaniesController.swift */; };
		3DCCE2622219EB86003892BE /* Main.storyboard in Resources */ = {isa = PBXBuildFile; fileRef = 3DCCE2602219EB86003892BE /* Main.storyboard */; };
		3DCCE2652219EB86003892BE /* Companies.xcdatamodeld in Sources */ = {isa = PBXBuildFile; fileRef = 3DCCE2632219EB86003892BE /* Companies.xcdatamodeld */; };
		3DCCE2672219EB87003892BE /* Assets.xcassets in Resources */ = {isa = PBXBuildFile; fileRef = 3DCCE2662219EB87003892BE /* Assets.xcassets */; };
		3DCCE26A2219EB87003892BE /* LaunchScreen.storyboard in Resources */ = {isa = PBXBuildFile; fileRef = 3DCCE2682219EB87003892BE /* LaunchScreen.storyboard */; };
/* End PBXBuildFile section */

/* Begin PBXFileReference section */
		3DA64122221A36DB00BC5406 /* UIColor+theme.swift */ = {isa = PBXFileReference; lastKnownFileType = sourcecode.swift; path = "UIColor+theme.swift"; sourceTree = "<group>"; };
		3DA64124221A584400BC5406 /* Company.swift */ = {isa = PBXFileReference; lastKnownFileType = sourcecode.swift; path = Company.swift; sourceTree = "<group>"; };
		3DA64126221A5DCB00BC5406 /* CreateCompanyController.swift */ = {isa = PBXFileReference; lastKnownFileType = sourcecode.swift; path = CreateCompanyController.swift; sourceTree = "<group>"; };
		3DCCE2592219EB86003892BE /* Companies.app */ = {isa = PBXFileReference; explicitFileType = wrapper.application; includeInIndex = 0; path = Companies.app; sourceTree = BUILT_PRODUCTS_DIR; };
		3DCCE25C2219EB86003892BE /* AppDelegate.swift */ = {isa = PBXFileReference; lastKnownFileType = sourcecode.swift; path = AppDelegate.swift; sourceTree = "<group>"; };
		3DCCE25E2219EB86003892BE /* CompaniesController.swift */ = {isa = PBXFileReference; lastKnownFileType = sourcecode.swift; path = CompaniesController.swift; sourceTree = "<group>"; };
		3DCCE2612219EB86003892BE /* Base */ = {isa = PBXFileReference; lastKnownFileType = file.storyboard; name = Base; path = Base.lproj/Main.storyboard; sourceTree = "<group>"; };
		3DCCE2642219EB86003892BE /* Companies.xcdatamodel */ = {isa = PBXFileReference; lastKnownFileType = wrapper.xcdatamodel; path = Companies.xcdatamodel; sourceTree = "<group>"; };
		3DCCE2662219EB87003892BE /* Assets.xcassets */ = {isa = PBXFileReference; lastKnownFileType = folder.assetcatalog; path = Assets.xcassets; sourceTree = "<group>"; };
		3DCCE2692219EB87003892BE /* Base */ = {isa = PBXFileReference; lastKnownFileType = file.storyboard; name = Base; path = Base.lproj/LaunchScreen.storyboard; sourceTree = "<group>"; };
		3DCCE26B2219EB87003892BE /* Info.plist */ = {isa = PBXFileReference; lastKnownFileType = text.plist.xml; path = Info.plist; sourceTree = "<group>"; };
/* End PBXFileReference section */

/* Begin PBXFrameworksBuildPhase section */
		3DCCE2562219EB86003892BE /* Frameworks */ = {
			isa = PBXFrameworksBuildPhase;
			buildActionMask = 2147483647;
			files = (
			);
			runOnlyForDeploymentPostprocessing = 0;
		};
/* End PBXFrameworksBuildPhase section */

/* Begin PBXGroup section */
		3DCCE2502219EB86003892BE = {
			isa = PBXGroup;
			children = (
				3DCCE25B2219EB86003892BE /* Companies */,
				3DCCE25A2219EB86003892BE /* Products */,
			);
			sourceTree = "<group>";
		};
		3DCCE25A2219EB86003892BE /* Products */ = {
			isa = PBXGroup;
			children = (
				3DCCE2592219EB86003892BE /* Companies.app */,
			);
			name = Products;
			sourceTree = "<group>";
		};
		3DCCE25B2219EB86003892BE /* Companies */ = {
			isa = PBXGroup;
			children = (
				3DCCE25C2219EB86003892BE /* AppDelegate.swift */,
				3DCCE25E2219EB86003892BE /* CompaniesController.swift */,
				3DA64126221A5DCB00BC5406 /* CreateCompanyController.swift */,
				3DCCE2602219EB86003892BE /* Main.storyboard */,
				3DCCE2662219EB87003892BE /* Assets.xcassets */,
				3DCCE2682219EB87003892BE /* LaunchScreen.storyboard */,
				3DCCE26B2219EB87003892BE /* Info.plist */,
				3DCCE2632219EB86003892BE /* Companies.xcdatamodeld */,
				3DA64122221A36DB00BC5406 /* UIColor+theme.swift */,
				3DA64124221A584400BC5406 /* Company.swift */,
			);
			path = Companies;
			sourceTree = "<group>";
		};
/* End PBXGroup section */

/* Begin PBXNativeTarget section */
		3DCCE2582219EB86003892BE /* Companies */ = {
			isa = PBXNativeTarget;
			buildConfigurationList = 3DCCE26E2219EB87003892BE /* Build configuration list for PBXNativeTarget "Companies" */;
			buildPhases = (
				3DCCE2552219EB86003892BE /* Sources */,
				3DCCE2562219EB86003892BE /* Frameworks */,
				3DCCE2572219EB86003892BE /* Resources */,
			);
			buildRules = (
			);
			dependencies = (
			);
			name = Companies;
			productName = Companies;
			productReference = 3DCCE2592219EB86003892BE /* Companies.app */;
			productType = "com.apple.product-type.application";
		};
/* End PBXNativeTarget section */

/* Begin PBXProject section */
		3DCCE2512219EB86003892BE /* Project object */ = {
			isa = PBXProject;
			attributes = {
				LastSwiftUpdateCheck = 1010;
				LastUpgradeCheck = 1010;
				ORGANIZATIONNAME = "Isai Yepez";
				TargetAttributes = {
					3DCCE2582219EB86003892BE = {
						CreatedOnToolsVersion = 10.1;
					};
				};
			};
			buildConfigurationList = 3DCCE2542219EB86003892BE /* Build configuration list for PBXProject "Companies" */;
			compatibilityVersion = "Xcode 9.3";
			developmentRegion = en;
			hasScannedForEncodings = 0;
			knownRegions = (
				en,
				Base,
			);
			mainGroup = 3DCCE2502219EB86003892BE;
			productRefGroup = 3DCCE25A2219EB86003892BE /* Products */;
			projectDirPath = "";
			projectRoot = "";
			targets = (
				3DCCE2582219EB86003892BE /* Companies */,
			);
		};
/* End PBXProject section */

/* Begin PBXResourcesBuildPhase section */
		3DCCE2572219EB86003892BE /* Resources */ = {
			isa = PBXResourcesBuildPhase;
			buildActionMask = 2147483647;
			files = (
				3DCCE26A2219EB87003892BE /* LaunchScreen.storyboard in Resources */,
				3DCCE2672219EB87003892BE /* Assets.xcassets in Resources */,
				3DCCE2622219EB86003892BE /* Main.storyboard in Resources */,
			);
			runOnlyForDeploymentPostprocessing = 0;
		};
/* End PBXResourcesBuildPhase section */

/* Begin PBXSourcesBuildPhase section */
		3DCCE2552219EB86003892BE /* Sources */ = {
			isa = PBXSourcesBuildPhase;
			buildActionMask = 2147483647;
			files = (
				3DCCE2652219EB86003892BE /* Companies.xcdatamodeld in Sources */,
				3DA64123221A36DB00BC5406 /* UIColor+theme.swift in Sources */,
				3DCCE25F2219EB86003892BE /* CompaniesController.swift in Sources */,
				3DA64125221A584400BC5406 /* Company.swift in Sources */,
				3DCCE25D2219EB86003892BE /* AppDelegate.swift in Sources */,
				3DA64127221A5DCB00BC5406 /* CreateCompanyController.swift in Sources */,
			);
			runOnlyForDeploymentPostprocessing = 0;
		};
/* End PBXSourcesBuildPhase section */

/* Begin PBXVariantGroup section */
		3DCCE2602219EB86003892BE /* Main.storyboard */ = {
			isa = PBXVariantGroup;
			children = (
				3DCCE2612219EB86003892BE /* Base */,
			);
			name = Main.storyboard;
			sourceTree = "<group>";
		};
		3DCCE2682219EB87003892BE /* LaunchScreen.storyboard */ = {
			isa = PBXVariantGroup;
			children = (
				3DCCE2692219EB87003892BE /* Base */,
			);
			name = LaunchScreen.storyboard;
			sourceTree = "<group>";
		};
/* End PBXVariantGroup section */

/* Begin XCBuildConfiguration section */
		3DCCE26C2219EB87003892BE /* Debug */ = {
			isa = XCBuildConfiguration;
			buildSettings = {
				ALWAYS_SEARCH_USER_PATHS = NO;
				CLANG_ANALYZER_NONNULL = YES;
				CLANG_ANALYZER_NUMBER_OBJECT_CONVERSION = YES_AGGRESSIVE;
				CLANG_CXX_LANGUAGE_STANDARD = "gnu++14";
				CLANG_CXX_LIBRARY = "libc++";
				CLANG_ENABLE_MODULES = YES;
				CLANG_ENABLE_OBJC_ARC = YES;
				CLANG_ENABLE_OBJC_WEAK = YES;
				CLANG_WARN_BLOCK_CAPTURE_AUTORELEASING = YES;
				CLANG_WARN_BOOL_CONVERSION = YES;
				CLANG_WARN_COMMA = YES;
				CLANG_WARN_CONSTANT_CONVERSION = YES;
				CLANG_WARN_DEPRECATED_OBJC_IMPLEMENTATIONS = YES;
				CLANG_WARN_DIRECT_OBJC_ISA_USAGE = YES_ERROR;
				CLANG_WARN_DOCUMENTATION_COMMENTS = YES;
				CLANG_WARN_EMPTY_BODY = YES;
				CLANG_WARN_ENUM_CONVERSION = YES;
				CLANG_WARN_INFINITE_RECURSION = YES;
				CLANG_WARN_INT_CONVERSION = YES;
				CLANG_WARN_NON_LITERAL_NULL_CONVERSION = YES;
				CLANG_WARN_OBJC_IMPLICIT_RETAIN_SELF = YES;
				CLANG_WARN_OBJC_LITERAL_CONVERSION = YES;
				CLANG_WARN_OBJC_ROOT_CLASS = YES_ERROR;
				CLANG_WARN_RANGE_LOOP_ANALYSIS = YES;
				CLANG_WARN_STRICT_PROTOTYPES = YES;
				CLANG_WARN_SUSPICIOUS_MOVE = YES;
				CLANG_WARN_UNGUARDED_AVAILABILITY = YES_AGGRESSIVE;
				CLANG_WARN_UNREACHABLE_CODE = YES;
				CLANG_WARN__DUPLICATE_METHOD_MATCH = YES;
				CODE_SIGN_IDENTITY = "iPhone Developer";
				COPY_PHASE_STRIP = NO;
				DEBUG_INFORMATION_FORMAT = dwarf;
				ENABLE_STRICT_OBJC_MSGSEND = YES;
				ENABLE_TESTABILITY = YES;
				GCC_C_LANGUAGE_STANDARD = gnu11;
				GCC_DYNAMIC_NO_PIC = NO;
				GCC_NO_COMMON_BLOCKS = YES;
				GCC_OPTIMIZATION_LEVEL = 0;
				GCC_PREPROCESSOR_DEFINITIONS = (
					"DEBUG=1",
					"$(inherited)",
				);
				GCC_WARN_64_TO_32_BIT_CONVERSION = YES;
				GCC_WARN_ABOUT_RETURN_TYPE = YES_ERROR;
				GCC_WARN_UNDECLARED_SELECTOR = YES;
				GCC_WARN_UNINITIALIZED_AUTOS = YES_AGGRESSIVE;
				GCC_WARN_UNUSED_FUNCTION = YES;
				GCC_WARN_UNUSED_VARIABLE = YES;
				IPHONEOS_DEPLOYMENT_TARGET = 12.1;
				MTL_ENABLE_DEBUG_INFO = INCLUDE_SOURCE;
				MTL_FAST_MATH = YES;
				ONLY_ACTIVE_ARCH = YES;
				SDKROOT = iphoneos;
				SWIFT_ACTIVE_COMPILATION_CONDITIONS = DEBUG;
				SWIFT_OPTIMIZATION_LEVEL = "-Onone";
			};
			name = Debug;
		};
		3DCCE26D2219EB87003892BE /* Release */ = {
			isa = XCBuildConfiguration;
			buildSettings = {
				ALWAYS_SEARCH_USER_PATHS = NO;
				CLANG_ANALYZER_NONNULL = YES;
				CLANG_ANALYZER_NUMBER_OBJECT_CONVERSION = YES_AGGRESSIVE;
				CLANG_CXX_LANGUAGE_STANDARD = "gnu++14";
				CLANG_CXX_LIBRARY = "libc++";
				CLANG_ENABLE_MODULES = YES;
				CLANG_ENABLE_OBJC_ARC = YES;
				CLANG_ENABLE_OBJC_WEAK = YES;
				CLANG_WARN_BLOCK_CAPTURE_AUTORELEASING = YES;
				CLANG_WARN_BOOL_CONVERSION = YES;
				CLANG_WARN_COMMA = YES;
				CLANG_WARN_CONSTANT_CONVERSION = YES;
				CLANG_WARN_DEPRECATED_OBJC_IMPLEMENTATIONS = YES;
				CLANG_WARN_DIRECT_OBJC_ISA_USAGE = YES_ERROR;
				CLANG_WARN_DOCUMENTATION_COMMENTS = YES;
				CLANG_WARN_EMPTY_BODY = YES;
				CLANG_WARN_ENUM_CONVERSION = YES;
				CLANG_WARN_INFINITE_RECURSION = YES;
				CLANG_WARN_INT_CONVERSION = YES;
				CLANG_WARN_NON_LITERAL_NULL_CONVERSION = YES;
				CLANG_WARN_OBJC_IMPLICIT_RETAIN_SELF = YES;
				CLANG_WARN_OBJC_LITERAL_CONVERSION = YES;
				CLANG_WARN_OBJC_ROOT_CLASS = YES_ERROR;
				CLANG_WARN_RANGE_LOOP_ANALYSIS = YES;
				CLANG_WARN_STRICT_PROTOTYPES = YES;
				CLANG_WARN_SUSPICIOUS_MOVE = YES;
				CLANG_WARN_UNGUARDED_AVAILABILITY = YES_AGGRESSIVE;
				CLANG_WARN_UNREACHABLE_CODE = YES;
				CLANG_WARN__DUPLICATE_METHOD_MATCH = YES;
				CODE_SIGN_IDENTITY = "iPhone Developer";
				COPY_PHASE_STRIP = NO;
				DEBUG_INFORMATION_FORMAT = "dwarf-with-dsym";
				ENABLE_NS_ASSERTIONS = NO;
				ENABLE_STRICT_OBJC_MSGSEND = YES;
				GCC_C_LANGUAGE_STANDARD = gnu11;
				GCC_NO_COMMON_BLOCKS = YES;
				GCC_WARN_64_TO_32_BIT_CONVERSION = YES;
				GCC_WARN_ABOUT_RETURN_TYPE = YES_ERROR;
				GCC_WARN_UNDECLARED_SELECTOR = YES;
				GCC_WARN_UNINITIALIZED_AUTOS = YES_AGGRESSIVE;
				GCC_WARN_UNUSED_FUNCTION = YES;
				GCC_WARN_UNUSED_VARIABLE = YES;
				IPHONEOS_DEPLOYMENT_TARGET = 12.1;
				MTL_ENABLE_DEBUG_INFO = NO;
				MTL_FAST_MATH = YES;
				SDKROOT = iphoneos;
				SWIFT_COMPILATION_MODE = wholemodule;
				SWIFT_OPTIMIZATION_LEVEL = "-O";
				VALIDATE_PRODUCT = YES;
			};
			name = Release;
		};
		3DCCE26F2219EB87003892BE /* Debug */ = {
			isa = XCBuildConfiguration;
			buildSettings = {
				ASSETCATALOG_COMPILER_APPICON_NAME = AppIcon;
				CODE_SIGN_STYLE = Automatic;
				DEVELOPMENT_TEAM = 7EY6XT5B68;
				INFOPLIST_FILE = Companies/Info.plist;
				LD_RUNPATH_SEARCH_PATHS = (
					"$(inherited)",
					"@executable_path/Frameworks",
				);
				PRODUCT_BUNDLE_IDENTIFIER = com.isaiyepez.Companies;
				PRODUCT_NAME = "$(TARGET_NAME)";
				SWIFT_VERSION = 4.2;
				TARGETED_DEVICE_FAMILY = "1,2";
			};
			name = Debug;
		};
		3DCCE2702219EB87003892BE /* Release */ = {
			isa = XCBuildConfiguration;
			buildSettings = {
				ASSETCATALOG_COMPILER_APPICON_NAME = AppIcon;
				CODE_SIGN_STYLE = Automatic;
				DEVELOPMENT_TEAM = 7EY6XT5B68;
				INFOPLIST_FILE = Companies/Info.plist;
				LD_RUNPATH_SEARCH_PATHS = (
					"$(inherited)",
					"@executable_path/Frameworks",
				);
				PRODUCT_BUNDLE_IDENTIFIER = com.isaiyepez.Companies;
				PRODUCT_NAME = "$(TARGET_NAME)";
				SWIFT_VERSION = 4.2;
				TARGETED_DEVICE_FAMILY = "1,2";
			};
			name = Release;
		};
/* End XCBuildConfiguration section */

/* Begin XCConfigurationList section */
		3DCCE2542219EB86003892BE /* Build configuration list for PBXProject "Companies" */ = {
			isa = XCConfigurationList;
			buildConfigurations = (
				3DCCE26C2219EB87003892BE /* Debug */,
				3DCCE26D2219EB87003892BE /* Release */,
			);
			defaultConfigurationIsVisible = 0;
			defaultConfigurationName = Release;
		};
		3DCCE26E2219EB87003892BE /* Build configuration list for PBXNativeTarget "Companies" */ = {
			isa = XCConfigurationList;
			buildConfigurations = (
				3DCCE26F2219EB87003892BE /* Debug */,
				3DCCE2702219EB87003892BE /* Release */,
			);
			defaultConfigurationIsVisible = 0;
			defaultConfigurationName = Release;
		};
/* End XCConfigurationList section */

/* Begin XCVersionGroup section */
		3DCCE2632219EB86003892BE /* Companies.xcdatamodeld */ = {
			isa = XCVersionGroup;
			children = (
				3DCCE2642219EB86003892BE /* Companies.xcdatamodel */,
			);
			currentVersion = 3DCCE2642219EB86003892BE /* Companies.xcdatamodel */;
			path = Companies.xcdatamodeld;
			sourceTree = "<group>";
			versionGroupType = wrapper.xcdatamodel;
		};
/* End XCVersionGroup section */
	};
	rootObject = 3DCCE2512219EB86003892BE /* Project object */;
}
